<?xml version="1.0" encoding="UTF-8"?>
<Scheme
   LastUpgradeVersion = "0820"
   version = "1.3">
   <BuildAction
      parallelizeBuildables = "YES"
      buildImplicitDependencies = "YES">
      <BuildActionEntries>
         <BuildActionEntry
            buildForTesting = "YES"
            buildForRunning = "YES"
            buildForProfiling = "YES"
            buildForArchiving = "YES"
            buildForAnalyzing = "YES">
            <BuildableReference
               BuildableIdentifier = "primary"
               BlueprintIdentifier = "EE4DE0591E16B8E300837F1D"
               BuildableName = "JF-IOS-Swift_Design-Patterns_and_Demos.app"
               BlueprintName = "JF-IOS-Swift_Design-Patterns_and_Demos"
               ReferencedContainer = "container:JF-IOS-Swift_Design-Patterns_and_Demos.xcodeproj">
            </BuildableReference>
         </BuildActionEntry>
      </BuildActionEntries>
   </BuildAction>
   <TestAction
      buildConfiguration = "Debug"
      selectedDebuggerIdentifier = "Xcode.DebuggerFoundation.Debugger.LLDB"
      selectedLauncherIdentifier = "Xcode.DebuggerFoundation.Launcher.LLDB"
      shouldUseLaunchSchemeArgsEnv = "YES">
      <Testables>
         <TestableReference
            skipped = "NO">
            <BuildableReference
               BuildableIdentifier = "primary"
               BlueprintIdentifier = "EE4DE0701E16B8E300837F1D"
               BuildableName = "JF-IOS-Swift_Design-Patterns_and_DemosTests.xctest"
               BlueprintName = "JF-IOS-Swift_Design-Patterns_and_DemosTests"
               ReferencedContainer = "container:JF-IOS-Swift_Design-Patterns_and_Demos.xcodeproj">
            </BuildableReference>
         </TestableReference>
         <TestableReference
            skipped = "NO">
            <BuildableReference
               BuildableIdentifier = "primary"
               BlueprintIdentifier = "EE4DE07B1E16B8E300837F1D"
               BuildableName = "JF-IOS-Swift_Design-Patterns_and_DemosUITests.xctest"
               BlueprintName = "JF-IOS-Swift_Design-Patterns_and_DemosUITests"
               ReferencedContainer = "container:JF-IOS-Swift_Design-Patterns_and_Demos.xcodeproj">
            </BuildableReference>
         </TestableReference>
      </Testables>
      <MacroExpansion>
         <BuildableReference
            BuildableIdentifier = "primary"
            BlueprintIdentifier = "EE4DE0591E16B8E300837F1D"
            BuildableName = "JF-IOS-Swift_Design-Patterns_and_Demos.app"
            BlueprintName = "JF-IOS-Swift_Design-Patterns_and_Demos"
            ReferencedContainer = "container:JF-IOS-Swift_Design-Patterns_and_Demos.xcodeproj">
         </BuildableReference>
      </MacroExpansion>
      <AdditionalOptions>
      </AdditionalOptions>
   </TestAction>
   <LaunchAction
      buildConfiguration = "Debug"
      selectedDebuggerIdentifier = "Xcode.DebuggerFoundation.Debugger.LLDB"
      selectedLauncherIdentifier = "Xcode.DebuggerFoundation.Launcher.LLDB"
      launchStyle = "0"
      useCustomWorkingDirectory = "NO"
      ignoresPersistentStateOnLaunch = "NO"
      debugDocumentVersioning = "YES"
      debugServiceExtension = "internal"
      allowLocationSimulation = "YES">
      <BuildableProductRunnable
         runnableDebuggingMode = "0">
         <BuildableReference
            BuildableIdentifier = "primary"
            BlueprintIdentifier = "EE4DE0591E16B8E300837F1D"
            BuildableName = "JF-IOS-Swift_Design-Patterns_and_Demos.app"
            BlueprintName = "JF-IOS-Swift_Design-Patterns_and_Demos"
            ReferencedContainer = "container:JF-IOS-Swift_Design-Patterns_and_Demos.xcodeproj">
         </BuildableReference>
      </BuildableProductRunnable>
      <AdditionalOptions>
      </AdditionalOptions>
   </LaunchAction>
   <ProfileAction
      buildConfiguration = "Release"
      shouldUseLaunchSchemeArgsEnv = "YES"
      savedToolIdentifier = ""
      useCustomWorkingDirectory = "NO"
      debugDocumentVersioning = "YES">
      <BuildableProductRunnable
         runnableDebuggingMode = "0">
         <BuildableReference
            BuildableIdentifier = "primary"
            BlueprintIdentifier = "EE4DE0591E16B8E300837F1D"
            BuildableName = "JF-IOS-Swift_Design-Patterns_and_Demos.app"
            BlueprintName = "JF-IOS-Swift_Design-Patterns_and_Demos"
            ReferencedContainer = "container:JF-IOS-Swift_Design-Patterns_and_Demos.xcodeproj">
         </BuildableReference>
      </BuildableProductRunnable>
   </ProfileAction>
   <AnalyzeAction
      buildConfiguration = "Debug">
   </AnalyzeAction>
   <ArchiveAction
      buildConfiguration = "Release"
      revealArchiveInOrganizer = "YES">
   </ArchiveAction>
</Scheme>
